
Microsoft Visual Studio Solution File, Format Version 12.00
# Visual Studio 15
VisualStudioVersion = 15.0.26730.12
MinimumVisualStudioVersion = 10.0.40219.1
Project("{FAE04EC0-301F-11D3-BF4B-00C04F79EFBC}") = "Miprimeraapp.Android", "Miprimeraapp\Miprimeraapp.Android\Miprimeraapp.Android.csproj", "{418C2D6D-48D8-4A53-ADFE-7A20EB8160F9}"
EndProject
Project("{FAE04EC0-301F-11D3-BF4B-00C04F79EFBC}") = "Miprimeraapp", "Miprimeraapp\Miprimeraapp\Miprimeraapp.csproj", "{28BF3179-0FF1-470E-B523-0906CA820E55}"
EndProject
Project("{FAE04EC0-301F-11D3-BF4B-00C04F79EFBC}") = "Miprimeraapp.UWP", "Miprimeraapp\Miprimeraapp.UWP\Miprimeraapp.UWP.csproj", "{B78EF570-890C-4EC2-9819-2756D88CAF27}"
EndProject
Project("{FAE04EC0-301F-11D3-BF4B-00C04F79EFBC}") = "Miprimeraapp.iOS", "Miprimeraapp\Miprimeraapp.iOS\Miprimeraapp.iOS.csproj", "{FB9585D0-342A-49C3-AB3B-BDBEDFC286AF}"
EndProject
Global
	GlobalSection(SolutionConfigurationPlatforms) = preSolution
		Ad-Hoc|Any CPU = Ad-Hoc|Any CPU
		Ad-Hoc|ARM = Ad-Hoc|ARM
		Ad-Hoc|iPhone = Ad-Hoc|iPhone
		Ad-Hoc|iPhoneSimulator = Ad-Hoc|iPhoneSimulator
		Ad-Hoc|x64 = Ad-Hoc|x64
		Ad-Hoc|x86 = Ad-Hoc|x86
		AppStore|Any CPU = AppStore|Any CPU
		AppStore|ARM = AppStore|ARM
		AppStore|iPhone = AppStore|iPhone
		AppStore|iPhoneSimulator = AppStore|iPhoneSimulator
		AppStore|x64 = AppStore|x64
		AppStore|x86 = AppStore|x86
		Debug|Any CPU = Debug|Any CPU
		Debug|ARM = Debug|ARM
		Debug|iPhone = Debug|iPhone
		Debug|iPhoneSimulator = Debug|iPhoneSimulator
		Debug|x64 = Debug|x64
		Debug|x86 = Debug|x86
		Release|Any CPU = Release|Any CPU
		Release|ARM = Release|ARM
		Release|iPhone = Release|iPhone
		Release|iPhoneSimulator = Release|iPhoneSimulator
		Release|x64 = Release|x64
		Release|x86 = Release|x86
	EndGlobalSection
	GlobalSection(ProjectConfigurationPlatforms) = postSolution
		{418C2D6D-48D8-4A53-ADFE-7A20EB8160F9}.Ad-Hoc|Any CPU.ActiveCfg = Release|Any CPU
		{418C2D6D-48D8-4A53-ADFE-7A20EB8160F9}.Ad-Hoc|Any CPU.Build.0 = Release|Any CPU
		{418C2D6D-48D8-4A53-ADFE-7A20EB8160F9}.Ad-Hoc|Any CPU.Deploy.0 = Release|Any CPU
		{418C2D6D-48D8-4A53-ADFE-7A20EB8160F9}.Ad-Hoc|ARM.ActiveCfg = Release|Any CPU
		{418C2D6D-48D8-4A53-ADFE-7A20EB8160F9}.Ad-Hoc|ARM.Build.0 = Release|Any CPU
		{418C2D6D-48D8-4A53-ADFE-7A20EB8160F9}.Ad-Hoc|ARM.Deploy.0 = Release|Any CPU
		{418C2D6D-48D8-4A53-ADFE-7A20EB8160F9}.Ad-Hoc|iPhone.ActiveCfg = Release|Any CPU
		{418C2D6D-48D8-4A53-ADFE-7A20EB8160F9}.Ad-Hoc|iPhone.Build.0 = Release|Any CPU
		{418C2D6D-48D8-4A53-ADFE-7A20EB8160F9}.Ad-Hoc|iPhone.Deploy.0 = Release|Any CPU
		{418C2D6D-48D8-4A53-ADFE-7A20EB8160F9}.Ad-Hoc|iPhoneSimulator.ActiveCfg = Release|Any CPU
		{418C2D6D-48D8-4A53-ADFE-7A20EB8160F9}.Ad-Hoc|iPhoneSimulator.Build.0 = Release|Any CPU
		{418C2D6D-48D8-4A53-ADFE-7A20EB8160F9}.Ad-Hoc|iPhoneSimulator.Deploy.0 = Release|Any CPU
		{418C2D6D-48D8-4A53-ADFE-7A20EB8160F9}.Ad-Hoc|x64.ActiveCfg = Release|Any CPU
		{418C2D6D-48D8-4A53-ADFE-7A20EB8160F9}.Ad-Hoc|x64.Build.0 = Release|Any CPU
		{418C2D6D-48D8-4A53-ADFE-7A20EB8160F9}.Ad-Hoc|x64.Deploy.0 = Release|Any CPU
		{418C2D6D-48D8-4A53-ADFE-7A20EB8160F9}.Ad-Hoc|x86.ActiveCfg = Release|Any CPU
		{418C2D6D-48D8-4A53-ADFE-7A20EB8160F9}.Ad-Hoc|x86.Build.0 = Release|Any CPU
		{418C2D6D-48D8-4A53-ADFE-7A20EB8160F9}.Ad-Hoc|x86.Deploy.0 = Release|Any CPU
		{418C2D6D-48D8-4A53-ADFE-7A20EB8160F9}.AppStore|Any CPU.ActiveCfg = Release|Any CPU
		{418C2D6D-48D8-4A53-ADFE-7A20EB8160F9}.AppStore|Any CPU.Build.0 = Release|Any CPU
		{418C2D6D-48D8-4A53-ADFE-7A20EB8160F9}.AppStore|Any CPU.Deploy.0 = Release|Any CPU
		{418C2D6D-48D8-4A53-ADFE-7A20EB8160F9}.AppStore|ARM.ActiveCfg = Release|Any CPU
		{418C2D6D-48D8-4A53-ADFE-7A20EB8160F9}.AppStore|ARM.Build.0 = Release|Any CPU
		{418C2D6D-48D8-4A53-ADFE-7A20EB8160F9}.AppStore|ARM.Deploy.0 = Release|Any CPU
		{418C2D6D-48D8-4A53-ADFE-7A20EB8160F9}.AppStore|iPhone.ActiveCfg = Release|Any CPU
		{418C2D6D-48D8-4A53-ADFE-7A20EB8160F9}.AppStore|iPhone.Build.0 = Release|Any CPU
		{418C2D6D-48D8-4A53-ADFE-7A20EB8160F9}.AppStore|iPhone.Deploy.0 = Release|Any CPU
		{418C2D6D-48D8-4A53-ADFE-7A20EB8160F9}.AppStore|iPhoneSimulator.ActiveCfg = Release|Any CPU
		{418C2D6D-48D8-4A53-ADFE-7A20EB8160F9}.AppStore|iPhoneSimulator.Build.0 = Release|Any CPU
		{418C2D6D-48D8-4A53-ADFE-7A20EB8160F9}.AppStore|iPhoneSimulator.Deploy.0 = Release|Any CPU
		{418C2D6D-48D8-4A53-ADFE-7A20EB8160F9}.AppStore|x64.ActiveCfg = Release|Any CPU
		{418C2D6D-48D8-4A53-ADFE-7A20EB8160F9}.AppStore|x64.Build.0 = Release|Any CPU
		{418C2D6D-48D8-4A53-ADFE-7A20EB8160F9}.AppStore|x64.Deploy.0 = Release|Any CPU
		{418C2D6D-48D8-4A53-ADFE-7A20EB8160F9}.AppStore|x86.ActiveCfg = Release|Any CPU
		{418C2D6D-48D8-4A53-ADFE-7A20EB8160F9}.AppStore|x86.Build.0 = Release|Any CPU
		{418C2D6D-48D8-4A53-ADFE-7A20EB8160F9}.AppStore|x86.Deploy.0 = Release|Any CPU
		{418C2D6D-48D8-4A53-ADFE-7A20EB8160F9}.Debug|Any CPU.ActiveCfg = Debug|Any CPU
		{418C2D6D-48D8-4A53-ADFE-7A20EB8160F9}.Debug|Any CPU.Build.0 = Debug|Any CPU
		{418C2D6D-48D8-4A53-ADFE-7A20EB8160F9}.Debug|Any CPU.Deploy.0 = Debug|Any CPU
		{418C2D6D-48D8-4A53-ADFE-7A20EB8160F9}.Debug|ARM.ActiveCfg = Debug|Any CPU
		{418C2D6D-48D8-4A53-ADFE-7A20EB8160F9}.Debug|ARM.Build.0 = Debug|Any CPU
		{418C2D6D-48D8-4A53-ADFE-7A20EB8160F9}.Debug|ARM.Deploy.0 = Debug|Any CPU
		{418C2D6D-48D8-4A53-ADFE-7A20EB8160F9}.Debug|iPhone.ActiveCfg = Debug|Any CPU
		{418C2D6D-48D8-4A53-ADFE-7A20EB8160F9}.Debug|iPhone.Build.0 = Debug|Any CPU
		{418C2D6D-48D8-4A53-ADFE-7A20EB8160F9}.Debug|iPhone.Deploy.0 = Debug|Any CPU
		{418C2D6D-48D8-4A53-ADFE-7A20EB8160F9}.Debug|iPhoneSimulator.ActiveCfg = Debug|Any CPU
		{418C2D6D-48D8-4A53-ADFE-7A20EB8160F9}.Debug|iPhoneSimulator.Build.0 = Debug|Any CPU
		{418C2D6D-48D8-4A53-ADFE-7A20EB8160F9}.Debug|iPhoneSimulator.Deploy.0 = Debug|Any CPU
		{418C2D6D-48D8-4A53-ADFE-7A20EB8160F9}.Debug|x64.ActiveCfg = Debug|Any CPU
		{418C2D6D-48D8-4A53-ADFE-7A20EB8160F9}.Debug|x64.Build.0 = Debug|Any CPU
		{418C2D6D-48D8-4A53-ADFE-7A20EB8160F9}.Debug|x64.Deploy.0 = Debug|Any CPU
		{418C2D6D-48D8-4A53-ADFE-7A20EB8160F9}.Debug|x86.ActiveCfg = Debug|Any CPU
		{418C2D6D-48D8-4A53-ADFE-7A20EB8160F9}.Debug|x86.Build.0 = Debug|Any CPU
		{418C2D6D-48D8-4A53-ADFE-7A20EB8160F9}.Debug|x86.Deploy.0 = Debug|Any CPU
		{418C2D6D-48D8-4A53-ADFE-7A20EB8160F9}.Release|Any CPU.ActiveCfg = Release|Any CPU
		{418C2D6D-48D8-4A53-ADFE-7A20EB8160F9}.Release|Any CPU.Build.0 = Release|Any CPU
		{418C2D6D-48D8-4A53-ADFE-7A20EB8160F9}.Release|Any CPU.Deploy.0 = Release|Any CPU
		{418C2D6D-48D8-4A53-ADFE-7A20EB8160F9}.Release|ARM.ActiveCfg = Release|Any CPU
		{418C2D6D-48D8-4A53-ADFE-7A20EB8160F9}.Release|ARM.Build.0 = Release|Any CPU
		{418C2D6D-48D8-4A53-ADFE-7A20EB8160F9}.Release|ARM.Deploy.0 = Release|Any CPU
		{418C2D6D-48D8-4A53-ADFE-7A20EB8160F9}.Release|iPhone.ActiveCfg = Release|Any CPU
		{418C2D6D-48D8-4A53-ADFE-7A20EB8160F9}.Release|iPhone.Build.0 = Release|Any CPU
		{418C2D6D-48D8-4A53-ADFE-7A20EB8160F9}.Release|iPhone.Deploy.0 = Release|Any CPU
		{418C2D6D-48D8-4A53-ADFE-7A20EB8160F9}.Release|iPhoneSimulator.ActiveCfg = Release|Any CPU
		{418C2D6D-48D8-4A53-ADFE-7A20EB8160F9}.Release|iPhoneSimulator.Build.0 = Release|Any CPU
		{418C2D6D-48D8-4A53-ADFE-7A20EB8160F9}.Release|iPhoneSimulator.Deploy.0 = Release|Any CPU
		{418C2D6D-48D8-4A53-ADFE-7A20EB8160F9}.Release|x64.ActiveCfg = Release|Any CPU
		{418C2D6D-48D8-4A53-ADFE-7A20EB8160F9}.Release|x64.Build.0 = Release|Any CPU
		{418C2D6D-48D8-4A53-ADFE-7A20EB8160F9}.Release|x64.Deploy.0 = Release|Any CPU
		{418C2D6D-48D8-4A53-ADFE-7A20EB8160F9}.Release|x86.ActiveCfg = Release|Any CPU
		{418C2D6D-48D8-4A53-ADFE-7A20EB8160F9}.Release|x86.Build.0 = Release|Any CPU
		{418C2D6D-48D8-4A53-ADFE-7A20EB8160F9}.Release|x86.Deploy.0 = Release|Any CPU
		{28BF3179-0FF1-470E-B523-0906CA820E55}.Ad-Hoc|Any CPU.ActiveCfg = Release|Any CPU
		{28BF3179-0FF1-470E-B523-0906CA820E55}.Ad-Hoc|Any CPU.Build.0 = Release|Any CPU
		{28BF3179-0FF1-470E-B523-0906CA820E55}.Ad-Hoc|ARM.ActiveCfg = Release|Any CPU
		{28BF3179-0FF1-470E-B523-0906CA820E55}.Ad-Hoc|ARM.Build.0 = Release|Any CPU
		{28BF3179-0FF1-470E-B523-0906CA820E55}.Ad-Hoc|iPhone.ActiveCfg = Release|Any CPU
		{28BF3179-0FF1-470E-B523-0906CA820E55}.Ad-Hoc|iPhone.Build.0 = Release|Any CPU
		{28BF3179-0FF1-470E-B523-0906CA820E55}.Ad-Hoc|iPhoneSimulator.ActiveCfg = Release|Any CPU
		{28BF3179-0FF1-470E-B523-0906CA820E55}.Ad-Hoc|iPhoneSimulator.Build.0 = Release|Any CPU
		{28BF3179-0FF1-470E-B523-0906CA820E55}.Ad-Hoc|x64.ActiveCfg = Release|Any CPU
		{28BF3179-0FF1-470E-B523-0906CA820E55}.Ad-Hoc|x64.Build.0 = Release|Any CPU
		{28BF3179-0FF1-470E-B523-0906CA820E55}.Ad-Hoc|x86.ActiveCfg = Release|Any CPU
		{28BF3179-0FF1-470E-B523-0906CA820E55}.Ad-Hoc|x86.Build.0 = Release|Any CPU
		{28BF3179-0FF1-470E-B523-0906CA820E55}.AppStore|Any CPU.ActiveCfg = Release|Any CPU
		{28BF3179-0FF1-470E-B523-0906CA820E55}.AppStore|Any CPU.Build.0 = Release|Any CPU
		{28BF3179-0FF1-470E-B523-0906CA820E55}.AppStore|ARM.ActiveCfg = Release|Any CPU
		{28BF3179-0FF1-470E-B523-0906CA820E55}.AppStore|ARM.Build.0 = Release|Any CPU
		{28BF3179-0FF1-470E-B523-0906CA820E55}.AppStore|iPhone.ActiveCfg = Release|Any CPU
		{28BF3179-0FF1-470E-B523-0906CA820E55}.AppStore|iPhone.Build.0 = Release|Any CPU
		{28BF3179-0FF1-470E-B523-0906CA820E55}.AppStore|iPhoneSimulator.ActiveCfg = Release|Any CPU
		{28BF3179-0FF1-470E-B523-0906CA820E55}.AppStore|iPhoneSimulator.Build.0 = Release|Any CPU
		{28BF3179-0FF1-470E-B523-0906CA820E55}.AppStore|x64.ActiveCfg = Release|Any CPU
		{28BF3179-0FF1-470E-B523-0906CA820E55}.AppStore|x64.Build.0 = Release|Any CPU
		{28BF3179-0FF1-470E-B523-0906CA820E55}.AppStore|x86.ActiveCfg = Release|Any CPU
		{28BF3179-0FF1-470E-B523-0906CA820E55}.AppStore|x86.Build.0 = Release|Any CPU
		{28BF3179-0FF1-470E-B523-0906CA820E55}.Debug|Any CPU.ActiveCfg = Debug|Any CPU
		{28BF3179-0FF1-470E-B523-0906CA820E55}.Debug|Any CPU.Build.0 = Debug|Any CPU
		{28BF3179-0FF1-470E-B523-0906CA820E55}.Debug|ARM.ActiveCfg = Debug|Any CPU
		{28BF3179-0FF1-470E-B523-0906CA820E55}.Debug|ARM.Build.0 = Debug|Any CPU
		{28BF3179-0FF1-470E-B523-0906CA820E55}.Debug|iPhone.ActiveCfg = Debug|Any CPU
		{28BF3179-0FF1-470E-B523-0906CA820E55}.Debug|iPhone.Build.0 = Debug|Any CPU
		{28BF3179-0FF1-470E-B523-0906CA820E55}.Debug|iPhoneSimulator.ActiveCfg = Debug|Any CPU
		{28BF3179-0FF1-470E-B523-0906CA820E55}.Debug|iPhoneSimulator.Build.0 = Debug|Any CPU
		{28BF3179-0FF1-470E-B523-0906CA820E55}.Debug|x64.ActiveCfg = Debug|Any CPU
		{28BF3179-0FF1-470E-B523-0906CA820E55}.Debug|x64.Build.0 = Debug|Any CPU
		{28BF3179-0FF1-470E-B523-0906CA820E55}.Debug|x86.ActiveCfg = Debug|Any CPU
		{28BF3179-0FF1-470E-B523-0906CA820E55}.Debug|x86.Build.0 = Debug|Any CPU
		{28BF3179-0FF1-470E-B523-0906CA820E55}.Release|Any CPU.ActiveCfg = Release|Any CPU
		{28BF3179-0FF1-470E-B523-0906CA820E55}.Release|Any CPU.Build.0 = Release|Any CPU
		{28BF3179-0FF1-470E-B523-0906CA820E55}.Release|ARM.ActiveCfg = Release|Any CPU
		{28BF3179-0FF1-470E-B523-0906CA820E55}.Release|ARM.Build.0 = Release|Any CPU
		{28BF3179-0FF1-470E-B523-0906CA820E55}.Release|iPhone.ActiveCfg = Release|Any CPU
		{28BF3179-0FF1-470E-B523-0906CA820E55}.Release|iPhone.Build.0 = Release|Any CPU
		{28BF3179-0FF1-470E-B523-0906CA820E55}.Release|iPhoneSimulator.ActiveCfg = Release|Any CPU
		{28BF3179-0FF1-470E-B523-0906CA820E55}.Release|iPhoneSimulator.Build.0 = Release|Any CPU
		{28BF3179-0FF1-470E-B523-0906CA820E55}.Release|x64.ActiveCfg = Release|Any CPU
		{28BF3179-0FF1-470E-B523-0906CA820E55}.Release|x64.Build.0 = Release|Any CPU
		{28BF3179-0FF1-470E-B523-0906CA820E55}.Release|x86.ActiveCfg = Release|Any CPU
		{28BF3179-0FF1-470E-B523-0906CA820E55}.Release|x86.Build.0 = Release|Any CPU
		{B78EF570-890C-4EC2-9819-2756D88CAF27}.Ad-Hoc|Any CPU.ActiveCfg = Release|x86
		{B78EF570-890C-4EC2-9819-2756D88CAF27}.Ad-Hoc|Any CPU.Build.0 = Release|x86
		{B78EF570-890C-4EC2-9819-2756D88CAF27}.Ad-Hoc|Any CPU.Deploy.0 = Release|x86
		{B78EF570-890C-4EC2-9819-2756D88CAF27}.Ad-Hoc|ARM.ActiveCfg = Release|ARM
		{B78EF570-890C-4EC2-9819-2756D88CAF27}.Ad-Hoc|ARM.Build.0 = Release|ARM
		{B78EF570-890C-4EC2-9819-2756D88CAF27}.Ad-Hoc|ARM.Deploy.0 = Release|ARM
		{B78EF570-890C-4EC2-9819-2756D88CAF27}.Ad-Hoc|iPhone.ActiveCfg = Release|x86
		{B78EF570-890C-4EC2-9819-2756D88CAF27}.Ad-Hoc|iPhone.Build.0 = Release|x86
		{B78EF570-890C-4EC2-9819-2756D88CAF27}.Ad-Hoc|iPhone.Deploy.0 = Release|x86
		{B78EF570-890C-4EC2-9819-2756D88CAF27}.Ad-Hoc|iPhoneSimulator.ActiveCfg = Release|x86
		{B78EF570-890C-4EC2-9819-2756D88CAF27}.Ad-Hoc|iPhoneSimulator.Build.0 = Release|x86
		{B78EF570-890C-4EC2-9819-2756D88CAF27}.Ad-Hoc|iPhoneSimulator.Deploy.0 = Release|x86
		{B78EF570-890C-4EC2-9819-2756D88CAF27}.Ad-Hoc|x64.ActiveCfg = Release|x64
		{B78EF570-890C-4EC2-9819-2756D88CAF27}.Ad-Hoc|x64.Build.0 = Release|x64
		{B78EF570-890C-4EC2-9819-2756D88CAF27}.Ad-Hoc|x64.Deploy.0 = Release|x64
		{B78EF570-890C-4EC2-9819-2756D88CAF27}.Ad-Hoc|x86.ActiveCfg = Release|x86
		{B78EF570-890C-4EC2-9819-2756D88CAF27}.Ad-Hoc|x86.Build.0 = Release|x86
		{B78EF570-890C-4EC2-9819-2756D88CAF27}.Ad-Hoc|x86.Deploy.0 = Release|x86
		{B78EF570-890C-4EC2-9819-2756D88CAF27}.AppStore|Any CPU.ActiveCfg = Release|x86
		{B78EF570-890C-4EC2-9819-2756D88CAF27}.AppStore|Any CPU.Build.0 = Release|x86
		{B78EF570-890C-4EC2-9819-2756D88CAF27}.AppStore|Any CPU.Deploy.0 = Release|x86
		{B78EF570-890C-4EC2-9819-2756D88CAF27}.AppStore|ARM.ActiveCfg = Release|ARM
		{B78EF570-890C-4EC2-9819-2756D88CAF27}.AppStore|ARM.Build.0 = Release|ARM
		{B78EF570-890C-4EC2-9819-2756D88CAF27}.AppStore|ARM.Deploy.0 = Release|ARM
		{B78EF570-890C-4EC2-9819-2756D88CAF27}.AppStore|iPhone.ActiveCfg = Release|x86
		{B78EF570-890C-4EC2-9819-2756D88CAF27}.AppStore|iPhone.Build.0 = Release|x86
		{B78EF570-890C-4EC2-9819-2756D88CAF27}.AppStore|iPhone.Deploy.0 = Release|x86
		{B78EF570-890C-4EC2-9819-2756D88CAF27}.AppStore|iPhoneSimulator.ActiveCfg = Release|x86
		{B78EF570-890C-4EC2-9819-2756D88CAF27}.AppStore|iPhoneSimulator.Build.0 = Release|x86
		{B78EF570-890C-4EC2-9819-2756D88CAF27}.AppStore|iPhoneSimulator.Deploy.0 = Release|x86
		{B78EF570-890C-4EC2-9819-2756D88CAF27}.AppStore|x64.ActiveCfg = Release|x64
		{B78EF570-890C-4EC2-9819-2756D88CAF27}.AppStore|x64.Build.0 = Release|x64
		{B78EF570-890C-4EC2-9819-2756D88CAF27}.AppStore|x64.Deploy.0 = Release|x64
		{B78EF570-890C-4EC2-9819-2756D88CAF27}.AppStore|x86.ActiveCfg = Release|x86
		{B78EF570-890C-4EC2-9819-2756D88CAF27}.AppStore|x86.Build.0 = Release|x86
		{B78EF570-890C-4EC2-9819-2756D88CAF27}.AppStore|x86.Deploy.0 = Release|x86
		{B78EF570-890C-4EC2-9819-2756D88CAF27}.Debug|Any CPU.ActiveCfg = Debug|x86
		{B78EF570-890C-4EC2-9819-2756D88CAF27}.Debug|ARM.ActiveCfg = Debug|ARM
		{B78EF570-890C-4EC2-9819-2756D88CAF27}.Debug|ARM.Build.0 = Debug|ARM
		{B78EF570-890C-4EC2-9819-2756D88CAF27}.Debug|ARM.Deploy.0 = Debug|ARM
		{B78EF570-890C-4EC2-9819-2756D88CAF27}.Debug|iPhone.ActiveCfg = Debug|x86
		{B78EF570-890C-4EC2-9819-2756D88CAF27}.Debug|iPhoneSimulator.ActiveCfg = Debug|x86
		{B78EF570-890C-4EC2-9819-2756D88CAF27}.Debug|x64.ActiveCfg = Debug|x64
		{B78EF570-890C-4EC2-9819-2756D88CAF27}.Debug|x64.Build.0 = Debug|x64
		{B78EF570-890C-4EC2-9819-2756D88CAF27}.Debug|x64.Deploy.0 = Debug|x64
		{B78EF570-890C-4EC2-9819-2756D88CAF27}.Debug|x86.ActiveCfg = Debug|x86
		{B78EF570-890C-4EC2-9819-2756D88CAF27}.Debug|x86.Build.0 = Debug|x86
		{B78EF570-890C-4EC2-9819-2756D88CAF27}.Debug|x86.Deploy.0 = Debug|x86
		{B78EF570-890C-4EC2-9819-2756D88CAF27}.Release|Any CPU.ActiveCfg = Release|x86
		{B78EF570-890C-4EC2-9819-2756D88CAF27}.Release|ARM.ActiveCfg = Release|ARM
		{B78EF570-890C-4EC2-9819-2756D88CAF27}.Release|ARM.Build.0 = Release|ARM
		{B78EF570-890C-4EC2-9819-2756D88CAF27}.Release|ARM.Deploy.0 = Release|ARM
		{B78EF570-890C-4EC2-9819-2756D88CAF27}.Release|iPhone.ActiveCfg = Release|x86
		{B78EF570-890C-4EC2-9819-2756D88CAF27}.Release|iPhoneSimulator.ActiveCfg = Release|x86
		{B78EF570-890C-4EC2-9819-2756D88CAF27}.Release|x64.ActiveCfg = Release|x64
		{B78EF570-890C-4EC2-9819-2756D88CAF27}.Release|x64.Build.0 = Release|x64
		{B78EF570-890C-4EC2-9819-2756D88CAF27}.Release|x64.Deploy.0 = Release|x64
		{B78EF570-890C-4EC2-9819-2756D88CAF27}.Release|x86.ActiveCfg = Release|x86
		{B78EF570-890C-4EC2-9819-2756D88CAF27}.Release|x86.Build.0 = Release|x86
		{B78EF570-890C-4EC2-9819-2756D88CAF27}.Release|x86.Deploy.0 = Release|x86
		{FB9585D0-342A-49C3-AB3B-BDBEDFC286AF}.Ad-Hoc|Any CPU.ActiveCfg = Ad-Hoc|iPhone
		{FB9585D0-342A-49C3-AB3B-BDBEDFC286AF}.Ad-Hoc|ARM.ActiveCfg = Ad-Hoc|iPhone
		{FB9585D0-342A-49C3-AB3B-BDBEDFC286AF}.Ad-Hoc|iPhone.ActiveCfg = Ad-Hoc|iPhone
		{FB9585D0-342A-49C3-AB3B-BDBEDFC286AF}.Ad-Hoc|iPhone.Build.0 = Ad-Hoc|iPhone
		{FB9585D0-342A-49C3-AB3B-BDBEDFC286AF}.Ad-Hoc|iPhoneSimulator.ActiveCfg = Ad-Hoc|iPhoneSimulator
		{FB9585D0-342A-49C3-AB3B-BDBEDFC286AF}.Ad-Hoc|iPhoneSimulator.Build.0 = Ad-Hoc|iPhoneSimulator
		{FB9585D0-342A-49C3-AB3B-BDBEDFC286AF}.Ad-Hoc|x64.ActiveCfg = Ad-Hoc|iPhone
		{FB9585D0-342A-49C3-AB3B-BDBEDFC286AF}.Ad-Hoc|x86.ActiveCfg = Ad-Hoc|iPhone
		{FB9585D0-342A-49C3-AB3B-BDBEDFC286AF}.AppStore|Any CPU.ActiveCfg = AppStore|iPhone
		{FB9585D0-342A-49C3-AB3B-BDBEDFC286AF}.AppStore|ARM.ActiveCfg = AppStore|iPhone
		{FB9585D0-342A-49C3-AB3B-BDBEDFC286AF}.AppStore|iPhone.ActiveCfg = AppStore|iPhone
		{FB9585D0-342A-49C3-AB3B-BDBEDFC286AF}.AppStore|iPhone.Build.0 = AppStore|iPhone
		{FB9585D0-342A-49C3-AB3B-BDBEDFC286AF}.AppStore|iPhoneSimulator.ActiveCfg = AppStore|iPhoneSimulator
		{FB9585D0-342A-49C3-AB3B-BDBEDFC286AF}.AppStore|iPhoneSimulator.Build.0 = AppStore|iPhoneSimulator
		{FB9585D0-342A-49C3-AB3B-BDBEDFC286AF}.AppStore|x64.ActiveCfg = AppStore|iPhone
		{FB9585D0-342A-49C3-AB3B-BDBEDFC286AF}.AppStore|x86.ActiveCfg = AppStore|iPhone
		{FB9585D0-342A-49C3-AB3B-BDBEDFC286AF}.Debug|Any CPU.ActiveCfg = Debug|iPhone
		{FB9585D0-342A-49C3-AB3B-BDBEDFC286AF}.Debug|ARM.ActiveCfg = Debug|iPhone
		{FB9585D0-342A-49C3-AB3B-BDBEDFC286AF}.Debug|iPhone.ActiveCfg = Debug|iPhone
		{FB9585D0-342A-49C3-AB3B-BDBEDFC286AF}.Debug|iPhone.Build.0 = Debug|iPhone
		{FB9585D0-342A-49C3-AB3B-BDBEDFC286AF}.Debug|iPhoneSimulator.ActiveCfg = Debug|iPhoneSimulator
		{FB9585D0-342A-49C3-AB3B-BDBEDFC286AF}.Debug|iPhoneSimulator.Build.0 = Debug|iPhoneSimulator
		{FB9585D0-342A-49C3-AB3B-BDBEDFC286AF}.Debug|x64.ActiveCfg = Debug|iPhone
		{FB9585D0-342A-49C3-AB3B-BDBEDFC286AF}.Debug|x86.ActiveCfg = Debug|iPhone
		{FB9585D0-342A-49C3-AB3B-BDBEDFC286AF}.Release|Any CPU.ActiveCfg = Release|iPhone
		{FB9585D0-342A-49C3-AB3B-BDBEDFC286AF}.Release|ARM.ActiveCfg = Release|iPhone
		{FB9585D0-342A-49C3-AB3B-BDBEDFC286AF}.Release|iPhone.ActiveCfg = Release|iPhone
		{FB9585D0-342A-49C3-AB3B-BDBEDFC286AF}.Release|iPhone.Build.0 = Release|iPhone
		{FB9585D0-342A-49C3-AB3B-BDBEDFC286AF}.Release|iPhoneSimulator.ActiveCfg = Release|iPhoneSimulator
		{FB9585D0-342A-49C3-AB3B-BDBEDFC286AF}.Release|iPhoneSimulator.Build.0 = Release|iPhoneSimulator
		{FB9585D0-342A-49C3-AB3B-BDBEDFC286AF}.Release|x64.ActiveCfg = Release|iPhone
		{FB9585D0-342A-49C3-AB3B-BDBEDFC286AF}.Release|x86.ActiveCfg = Release|iPhone
	EndGlobalSection
	GlobalSection(SolutionProperties) = preSolution
		HideSolutionNode = FALSE
	EndGlobalSection
	GlobalSection(ExtensibilityGlobals) = postSolution
		SolutionGuid = {6A933818-D832-4306-8162-934ED03D26FF}
	EndGlobalSection
EndGlobal
